
Microsoft Visual Studio Solution File, Format Version 12.00
# Visual Studio Version 16
VisualStudioVersion = 16.0.32901.82
MinimumVisualStudioVersion = 10.0.40219.1
Project("{FAE04EC0-301F-11D3-BF4B-00C04F79EFBC}") = "Worksheet 3, Iteration", "Worksheet 3, Iteration\Worksheet 3, Iteration.csproj", "{B9E575A8-9CA9-4C9F-8ECE-A8CB5C59A84F}"
EndProject
Global
	GlobalSection(SolutionConfigurationPlatforms) = preSolution
		Debug|Any CPU = Debug|Any CPU
		Release|Any CPU = Release|Any CPU
	EndGlobalSection
	GlobalSection(ProjectConfigurationPlatforms) = postSolution
		{B9E575A8-9CA9-4C9F-8ECE-A8CB5C59A84F}.Debug|Any CPU.ActiveCfg = Debug|Any CPU
		{B9E575A8-9CA9-4C9F-8ECE-A8CB5C59A84F}.Debug|Any CPU.Build.0 = Debug|Any CPU
		{B9E575A8-9CA9-4C9F-8ECE-A8CB5C59A84F}.Release|Any CPU.ActiveCfg = Release|Any CPU
		{B9E575A8-9CA9-4C9F-8ECE-A8CB5C59A84F}.Release|Any CPU.Build.0 = Release|Any CPU
	EndGlobalSection
	GlobalSection(SolutionProperties) = preSolution
		HideSolutionNode = FALSE
	EndGlobalSection
	GlobalSection(ExtensibilityGlobals) = postSolution
		SolutionGuid = {8B231E9E-A0C5-438B-947D-F32AA3EDD87A}
	EndGlobalSection
EndGlobal
